// !$*UTF8*$!
{
	archiveVersion = 1;
	classes = {
	};
	objectVersion = 56;
	objects = {

/* Begin PBXBuildFile section */
		D777319829FAF36D00D26C03 /* main.swift in Sources */ = {isa = PBXBuildFile; fileRef = D777319729FAF36D00D26C03 /* main.swift */; };
		D77731A129FAF3F500D26C03 /* Token.swift in Sources */ = {isa = PBXBuildFile; fileRef = D77731A029FAF3F500D26C03 /* Token.swift */; };
		D77731A329FAF3FB00D26C03 /* TokenType.swift in Sources */ = {isa = PBXBuildFile; fileRef = D77731A229FAF3FB00D26C03 /* TokenType.swift */; };
		D77731A729FAF43900D26C03 /* Expr.swift in Sources */ = {isa = PBXBuildFile; fileRef = D77731A629FAF43900D26C03 /* Expr.swift */; };
		D77731A929FAF44D00D26C03 /* Stmt.swift in Sources */ = {isa = PBXBuildFile; fileRef = D77731A829FAF44D00D26C03 /* Stmt.swift */; };
		D77731AB29FAF46400D26C03 /* AstPrinter.swift in Sources */ = {isa = PBXBuildFile; fileRef = D77731AA29FAF46400D26C03 /* AstPrinter.swift */; };
		D77731AE29FAF47D00D26C03 /* Environment.swift in Sources */ = {isa = PBXBuildFile; fileRef = D77731AD29FAF47D00D26C03 /* Environment.swift */; };
		D77731B029FAF48C00D26C03 /* Interpreter.swift in Sources */ = {isa = PBXBuildFile; fileRef = D77731AF29FAF48C00D26C03 /* Interpreter.swift */; };
		D77731B229FAF49A00D26C03 /* Resolver.swift in Sources */ = {isa = PBXBuildFile; fileRef = D77731B129FAF49A00D26C03 /* Resolver.swift */; };
		D77731B429FAF4AE00D26C03 /* RuntimeError.swift in Sources */ = {isa = PBXBuildFile; fileRef = D77731B329FAF4AE00D26C03 /* RuntimeError.swift */; };
		D77731B629FAF4C900D26C03 /* Return.swift in Sources */ = {isa = PBXBuildFile; fileRef = D77731B529FAF4C900D26C03 /* Return.swift */; };
		D77731B929FAF4E100D26C03 /* CType.swift in Sources */ = {isa = PBXBuildFile; fileRef = D77731B829FAF4E100D26C03 /* CType.swift */; };
		D77731BB29FAF4F100D26C03 /* Language.swift in Sources */ = {isa = PBXBuildFile; fileRef = D77731BA29FAF4F100D26C03 /* Language.swift */; };
		D77731BD29FAF50000D26C03 /* LanguageCallable.swift in Sources */ = {isa = PBXBuildFile; fileRef = D77731BC29FAF50000D26C03 /* LanguageCallable.swift */; };
		D77731BF29FAF50F00D26C03 /* LanguageClass.swift in Sources */ = {isa = PBXBuildFile; fileRef = D77731BE29FAF50F00D26C03 /* LanguageClass.swift */; };
		D77731C129FAF52800D26C03 /* LanguageFunction.swift in Sources */ = {isa = PBXBuildFile; fileRef = D77731C029FAF52800D26C03 /* LanguageFunction.swift */; };
		D77731C329FAF53C00D26C03 /* LanguageInstance.swift in Sources */ = {isa = PBXBuildFile; fileRef = D77731C229FAF53C00D26C03 /* LanguageInstance.swift */; };
		D77731C529FAF55100D26C03 /* LanguageList.swift in Sources */ = {isa = PBXBuildFile; fileRef = D77731C429FAF55100D26C03 /* LanguageList.swift */; };
		D77731C829FAF57B00D26C03 /* Scanner.swift in Sources */ = {isa = PBXBuildFile; fileRef = D77731C729FAF57B00D26C03 /* Scanner.swift */; };
		D77731CA29FAF58800D26C03 /* Parser.swift in Sources */ = {isa = PBXBuildFile; fileRef = D77731C929FAF58800D26C03 /* Parser.swift */; };
		D7B873C929FC10F0001E60B9 /* CPlusPrinter.swift in Sources */ = {isa = PBXBuildFile; fileRef = D7B873C829FC10F0001E60B9 /* CPlusPrinter.swift */; };
		D7B873D529FD7FEE001E60B9 /* Numeric+Extension.swift in Sources */ = {isa = PBXBuildFile; fileRef = D7B873D429FD7FEE001E60B9 /* Numeric+Extension.swift */; };
		D7B873D729FD7FFB001E60B9 /* String+Extension.swift in Sources */ = {isa = PBXBuildFile; fileRef = D7B873D629FD7FFB001E60B9 /* String+Extension.swift */; };
		D7B873D929FD913C001E60B9 /* Optional+Extension.swift in Sources */ = {isa = PBXBuildFile; fileRef = D7B873D829FD913C001E60B9 /* Optional+Extension.swift */; };
		D7B873DB29FE1E17001E60B9 /* RPNPrinter.swift in Sources */ = {isa = PBXBuildFile; fileRef = D7B873DA29FE1E17001E60B9 /* RPNPrinter.swift */; };
		D7B873DD29FE395E001E60B9 /* AssignType.swift in Sources */ = {isa = PBXBuildFile; fileRef = D7B873DC29FE395E001E60B9 /* AssignType.swift */; };
/* End PBXBuildFile section */

/* Begin PBXCopyFilesBuildPhase section */
		D777319229FAF36D00D26C03 /* CopyFiles */ = {
			isa = PBXCopyFilesBuildPhase;
			buildActionMask = 2147483647;
			dstPath = /usr/share/man/man1/;
			dstSubfolderSpec = 0;
			files = (
			);
			runOnlyForDeploymentPostprocessing = 1;
		};
/* End PBXCopyFilesBuildPhase section */

/* Begin PBXFileReference section */
		D777319429FAF36D00D26C03 /* CFamilyLanguage */ = {isa = PBXFileReference; explicitFileType = "compiled.mach-o.executable"; includeInIndex = 0; path = CFamilyLanguage; sourceTree = BUILT_PRODUCTS_DIR; };
		D777319729FAF36D00D26C03 /* main.swift */ = {isa = PBXFileReference; lastKnownFileType = sourcecode.swift; path = main.swift; sourceTree = "<group>"; };
		D77731A029FAF3F500D26C03 /* Token.swift */ = {isa = PBXFileReference; lastKnownFileType = sourcecode.swift; path = Token.swift; sourceTree = "<group>"; };
		D77731A229FAF3FB00D26C03 /* TokenType.swift */ = {isa = PBXFileReference; lastKnownFileType = sourcecode.swift; path = TokenType.swift; sourceTree = "<group>"; };
		D77731A629FAF43900D26C03 /* Expr.swift */ = {isa = PBXFileReference; lastKnownFileType = sourcecode.swift; path = Expr.swift; sourceTree = "<group>"; };
		D77731A829FAF44D00D26C03 /* Stmt.swift */ = {isa = PBXFileReference; lastKnownFileType = sourcecode.swift; path = Stmt.swift; sourceTree = "<group>"; };
		D77731AA29FAF46400D26C03 /* AstPrinter.swift */ = {isa = PBXFileReference; lastKnownFileType = sourcecode.swift; path = AstPrinter.swift; sourceTree = "<group>"; };
		D77731AD29FAF47D00D26C03 /* Environment.swift */ = {isa = PBXFileReference; lastKnownFileType = sourcecode.swift; path = Environment.swift; sourceTree = "<group>"; };
		D77731AF29FAF48C00D26C03 /* Interpreter.swift */ = {isa = PBXFileReference; lastKnownFileType = sourcecode.swift; path = Interpreter.swift; sourceTree = "<group>"; };
		D77731B129FAF49A00D26C03 /* Resolver.swift */ = {isa = PBXFileReference; lastKnownFileType = sourcecode.swift; path = Resolver.swift; sourceTree = "<group>"; };
		D77731B329FAF4AE00D26C03 /* RuntimeError.swift */ = {isa = PBXFileReference; lastKnownFileType = sourcecode.swift; path = RuntimeError.swift; sourceTree = "<group>"; };
		D77731B529FAF4C900D26C03 /* Return.swift */ = {isa = PBXFileReference; lastKnownFileType = sourcecode.swift; path = Return.swift; sourceTree = "<group>"; };
		D77731B829FAF4E100D26C03 /* CType.swift */ = {isa = PBXFileReference; lastKnownFileType = sourcecode.swift; path = CType.swift; sourceTree = "<group>"; };
		D77731BA29FAF4F100D26C03 /* Language.swift */ = {isa = PBXFileReference; lastKnownFileType = sourcecode.swift; path = Language.swift; sourceTree = "<group>"; };
		D77731BC29FAF50000D26C03 /* LanguageCallable.swift */ = {isa = PBXFileReference; lastKnownFileType = sourcecode.swift; path = LanguageCallable.swift; sourceTree = "<group>"; };
		D77731BE29FAF50F00D26C03 /* LanguageClass.swift */ = {isa = PBXFileReference; lastKnownFileType = sourcecode.swift; path = LanguageClass.swift; sourceTree = "<group>"; };
		D77731C029FAF52800D26C03 /* LanguageFunction.swift */ = {isa = PBXFileReference; lastKnownFileType = sourcecode.swift; path = LanguageFunction.swift; sourceTree = "<group>"; };
		D77731C229FAF53C00D26C03 /* LanguageInstance.swift */ = {isa = PBXFileReference; lastKnownFileType = sourcecode.swift; path = LanguageInstance.swift; sourceTree = "<group>"; };
		D77731C429FAF55100D26C03 /* LanguageList.swift */ = {isa = PBXFileReference; lastKnownFileType = sourcecode.swift; path = LanguageList.swift; sourceTree = "<group>"; };
		D77731C729FAF57B00D26C03 /* Scanner.swift */ = {isa = PBXFileReference; lastKnownFileType = sourcecode.swift; path = Scanner.swift; sourceTree = "<group>"; };
		D77731C929FAF58800D26C03 /* Parser.swift */ = {isa = PBXFileReference; lastKnownFileType = sourcecode.swift; path = Parser.swift; sourceTree = "<group>"; };
		D7B873C829FC10F0001E60B9 /* CPlusPrinter.swift */ = {isa = PBXFileReference; lastKnownFileType = sourcecode.swift; path = CPlusPrinter.swift; sourceTree = "<group>"; };
		D7B873D429FD7FEE001E60B9 /* Numeric+Extension.swift */ = {isa = PBXFileReference; lastKnownFileType = sourcecode.swift; path = "Numeric+Extension.swift"; sourceTree = "<group>"; };
		D7B873D629FD7FFB001E60B9 /* String+Extension.swift */ = {isa = PBXFileReference; lastKnownFileType = sourcecode.swift; path = "String+Extension.swift"; sourceTree = "<group>"; };
		D7B873D829FD913C001E60B9 /* Optional+Extension.swift */ = {isa = PBXFileReference; lastKnownFileType = sourcecode.swift; path = "Optional+Extension.swift"; sourceTree = "<group>"; };
		D7B873DA29FE1E17001E60B9 /* RPNPrinter.swift */ = {isa = PBXFileReference; lastKnownFileType = sourcecode.swift; path = RPNPrinter.swift; sourceTree = "<group>"; };
		D7B873DC29FE395E001E60B9 /* AssignType.swift */ = {isa = PBXFileReference; lastKnownFileType = sourcecode.swift; path = AssignType.swift; sourceTree = "<group>"; };
/* End PBXFileReference section */

/* Begin PBXFrameworksBuildPhase section */
		D777319129FAF36D00D26C03 /* Frameworks */ = {
			isa = PBXFrameworksBuildPhase;
			buildActionMask = 2147483647;
			files = (
			);
			runOnlyForDeploymentPostprocessing = 0;
		};
/* End PBXFrameworksBuildPhase section */

/* Begin PBXGroup section */
		D777318B29FAF36D00D26C03 = {
			isa = PBXGroup;
			children = (
				D777319629FAF36D00D26C03 /* CFamilyLanguage */,
				D777319529FAF36D00D26C03 /* Products */,
			);
			sourceTree = "<group>";
		};
		D777319529FAF36D00D26C03 /* Products */ = {
			isa = PBXGroup;
			children = (
				D777319429FAF36D00D26C03 /* CFamilyLanguage */,
			);
			name = Products;
			sourceTree = "<group>";
		};
		D777319629FAF36D00D26C03 /* CFamilyLanguage */ = {
			isa = PBXGroup;
			children = (
				D777319729FAF36D00D26C03 /* main.swift */,
				D777319E29FAF3D400D26C03 /* Source */,
			);
			path = CFamilyLanguage;
			sourceTree = "<group>";
		};
		D777319E29FAF3D400D26C03 /* Source */ = {
			isa = PBXGroup;
			children = (
				D7B873D329FD7FE3001E60B9 /* Extensions */,
				D77731B729FAF4D400D26C03 /* Language */,
				D77731AC29FAF46C00D26C03 /* Runtime */,
				D77731C629FAF56E00D26C03 /* LanguageAnalyzers */,
			);
			path = Source;
			sourceTree = "<group>";
		};
		D777319F29FAF3E500D26C03 /* Token */ = {
			isa = PBXGroup;
			children = (
				D77731A029FAF3F500D26C03 /* Token.swift */,
				D77731A229FAF3FB00D26C03 /* TokenType.swift */,
			);
			path = Token;
			sourceTree = "<group>";
		};
		D77731A429FAF41C00D26C03 /* AST */ = {
			isa = PBXGroup;
			children = (
				D77731A529FAF42B00D26C03 /* Nodes */,
				D7B873CC29FD65C4001E60B9 /* LanguagePrinters */,
			);
			path = AST;
			sourceTree = "<group>";
		};
		D77731A529FAF42B00D26C03 /* Nodes */ = {
			isa = PBXGroup;
			children = (
				D77731A629FAF43900D26C03 /* Expr.swift */,
				D77731A829FAF44D00D26C03 /* Stmt.swift */,
			);
			path = Nodes;
			sourceTree = "<group>";
		};
		D77731AC29FAF46C00D26C03 /* Runtime */ = {
			isa = PBXGroup;
			children = (
				D77731AD29FAF47D00D26C03 /* Environment.swift */,
				D77731AF29FAF48C00D26C03 /* Interpreter.swift */,
				D77731B129FAF49A00D26C03 /* Resolver.swift */,
				D77731B329FAF4AE00D26C03 /* RuntimeError.swift */,
				D77731B529FAF4C900D26C03 /* Return.swift */,
			);
			path = Runtime;
			sourceTree = "<group>";
		};
		D77731B729FAF4D400D26C03 /* Language */ = {
			isa = PBXGroup;
			children = (
				D777319F29FAF3E500D26C03 /* Token */,
				D77731A429FAF41C00D26C03 /* AST */,
				D7B873DC29FE395E001E60B9 /* AssignType.swift */,
				D77731B829FAF4E100D26C03 /* CType.swift */,
				D77731BA29FAF4F100D26C03 /* Language.swift */,
				D77731BC29FAF50000D26C03 /* LanguageCallable.swift */,
				D77731BE29FAF50F00D26C03 /* LanguageClass.swift */,
				D77731C029FAF52800D26C03 /* LanguageFunction.swift */,
				D77731C229FAF53C00D26C03 /* LanguageInstance.swift */,
				D77731C429FAF55100D26C03 /* LanguageList.swift */,
			);
			path = Language;
			sourceTree = "<group>";
		};
		D77731C629FAF56E00D26C03 /* LanguageAnalyzers */ = {
			isa = PBXGroup;
			children = (
				D77731C729FAF57B00D26C03 /* Scanner.swift */,
				D77731C929FAF58800D26C03 /* Parser.swift */,
			);
			path = LanguageAnalyzers;
			sourceTree = "<group>";
		};
		D7B873CC29FD65C4001E60B9 /* LanguagePrinters */ = {
			isa = PBXGroup;
			children = (
				D77731AA29FAF46400D26C03 /* AstPrinter.swift */,
				D7B873DA29FE1E17001E60B9 /* RPNPrinter.swift */,
				D7B873C829FC10F0001E60B9 /* CPlusPrinter.swift */,
			);
			path = LanguagePrinters;
			sourceTree = "<group>";
		};
		D7B873D329FD7FE3001E60B9 /* Extensions */ = {
			isa = PBXGroup;
			children = (
				D7B873D429FD7FEE001E60B9 /* Numeric+Extension.swift */,
				D7B873D629FD7FFB001E60B9 /* String+Extension.swift */,
				D7B873D829FD913C001E60B9 /* Optional+Extension.swift */,
			);
			path = Extensions;
			sourceTree = "<group>";
		};
/* End PBXGroup section */

/* Begin PBXNativeTarget section */
		D777319329FAF36D00D26C03 /* CFamilyLanguage */ = {
			isa = PBXNativeTarget;
			buildConfigurationList = D777319B29FAF36D00D26C03 /* Build configuration list for PBXNativeTarget "CFamilyLanguage" */;
			buildPhases = (
				D777319029FAF36D00D26C03 /* Sources */,
				D777319129FAF36D00D26C03 /* Frameworks */,
				D777319229FAF36D00D26C03 /* CopyFiles */,
			);
			buildRules = (
			);
			dependencies = (
			);
			name = CFamilyLanguage;
			productName = CFamilyLanguage;
			productReference = D777319429FAF36D00D26C03 /* CFamilyLanguage */;
			productType = "com.apple.product-type.tool";
		};
/* End PBXNativeTarget section */

/* Begin PBXProject section */
		D777318C29FAF36D00D26C03 /* Project object */ = {
			isa = PBXProject;
			attributes = {
				BuildIndependentTargetsInParallel = 1;
				LastSwiftUpdateCheck = 1420;
				LastUpgradeCheck = 1420;
				TargetAttributes = {
					D777319329FAF36D00D26C03 = {
						CreatedOnToolsVersion = 14.2;
					};
				};
			};
			buildConfigurationList = D777318F29FAF36D00D26C03 /* Build configuration list for PBXProject "CFamilyLanguage" */;
			compatibilityVersion = "Xcode 14.0";
			developmentRegion = en;
			hasScannedForEncodings = 0;
			knownRegions = (
				en,
				Base,
			);
			mainGroup = D777318B29FAF36D00D26C03;
			productRefGroup = D777319529FAF36D00D26C03 /* Products */;
			projectDirPath = "";
			projectRoot = "";
			targets = (
				D777319329FAF36D00D26C03 /* CFamilyLanguage */,
			);
		};
/* End PBXProject section */

/* Begin PBXSourcesBuildPhase section */
		D777319029FAF36D00D26C03 /* Sources */ = {
			isa = PBXSourcesBuildPhase;
			buildActionMask = 2147483647;
			files = (
				D77731B029FAF48C00D26C03 /* Interpreter.swift in Sources */,
				D77731C529FAF55100D26C03 /* LanguageList.swift in Sources */,
				D77731A729FAF43900D26C03 /* Expr.swift in Sources */,
				D77731A329FAF3FB00D26C03 /* TokenType.swift in Sources */,
				D77731BD29FAF50000D26C03 /* LanguageCallable.swift in Sources */,
				D7B873DB29FE1E17001E60B9 /* RPNPrinter.swift in Sources */,
				D77731B929FAF4E100D26C03 /* CType.swift in Sources */,
				D7B873DD29FE395E001E60B9 /* AssignType.swift in Sources */,
				D7B873D529FD7FEE001E60B9 /* Numeric+Extension.swift in Sources */,
				D77731B229FAF49A00D26C03 /* Resolver.swift in Sources */,
				D77731A929FAF44D00D26C03 /* Stmt.swift in Sources */,
				D77731AE29FAF47D00D26C03 /* Environment.swift in Sources */,
				D77731BF29FAF50F00D26C03 /* LanguageClass.swift in Sources */,
				D777319829FAF36D00D26C03 /* main.swift in Sources */,
				D77731BB29FAF4F100D26C03 /* Language.swift in Sources */,
				D77731CA29FAF58800D26C03 /* Parser.swift in Sources */,
				D7B873C929FC10F0001E60B9 /* CPlusPrinter.swift in Sources */,
				D7B873D729FD7FFB001E60B9 /* String+Extension.swift in Sources */,
				D77731C129FAF52800D26C03 /* LanguageFunction.swift in Sources */,
				D77731A129FAF3F500D26C03 /* Token.swift in Sources */,
				D77731B629FAF4C900D26C03 /* Return.swift in Sources */,
				D77731AB29FAF46400D26C03 /* AstPrinter.swift in Sources */,
				D77731C329FAF53C00D26C03 /* LanguageInstance.swift in Sources */,
				D7B873D929FD913C001E60B9 /* Optional+Extension.swift in Sources */,
				D77731C829FAF57B00D26C03 /* Scanner.swift in Sources */,
				D77731B429FAF4AE00D26C03 /* RuntimeError.swift in Sources */,
			);
			runOnlyForDeploymentPostprocessing = 0;
		};
/* End PBXSourcesBuildPhase section */

/* Begin XCBuildConfiguration section */
		D777319929FAF36D00D26C03 /* Debug */ = {
			isa = XCBuildConfiguration;
			buildSettings = {
				ALWAYS_SEARCH_USER_PATHS = NO;
				CLANG_ANALYZER_NONNULL = YES;
				CLANG_ANALYZER_NUMBER_OBJECT_CONVERSION = YES_AGGRESSIVE;
				CLANG_CXX_LANGUAGE_STANDARD = "gnu++20";
				CLANG_ENABLE_MODULES = YES;
				CLANG_ENABLE_OBJC_ARC = YES;
				CLANG_ENABLE_OBJC_WEAK = YES;
				CLANG_WARN_BLOCK_CAPTURE_AUTORELEASING = YES;
				CLANG_WARN_BOOL_CONVERSION = YES;
				CLANG_WARN_COMMA = YES;
				CLANG_WARN_CONSTANT_CONVERSION = YES;
				CLANG_WARN_DEPRECATED_OBJC_IMPLEMENTATIONS = YES;
				CLANG_WARN_DIRECT_OBJC_ISA_USAGE = YES_ERROR;
				CLANG_WARN_DOCUMENTATION_COMMENTS = YES;
				CLANG_WARN_EMPTY_BODY = YES;
				CLANG_WARN_ENUM_CONVERSION = YES;
				CLANG_WARN_INFINITE_RECURSION = YES;
				CLANG_WARN_INT_CONVERSION = YES;
				CLANG_WARN_NON_LITERAL_NULL_CONVERSION = YES;
				CLANG_WARN_OBJC_IMPLICIT_RETAIN_SELF = YES;
				CLANG_WARN_OBJC_LITERAL_CONVERSION = YES;
				CLANG_WARN_OBJC_ROOT_CLASS = YES_ERROR;
				CLANG_WARN_QUOTED_INCLUDE_IN_FRAMEWORK_HEADER = YES;
				CLANG_WARN_RANGE_LOOP_ANALYSIS = YES;
				CLANG_WARN_STRICT_PROTOTYPES = YES;
				CLANG_WARN_SUSPICIOUS_MOVE = YES;
				CLANG_WARN_UNGUARDED_AVAILABILITY = YES_AGGRESSIVE;
				CLANG_WARN_UNREACHABLE_CODE = YES;
				CLANG_WARN__DUPLICATE_METHOD_MATCH = YES;
				COPY_PHASE_STRIP = NO;
				DEBUG_INFORMATION_FORMAT = dwarf;
				ENABLE_STRICT_OBJC_MSGSEND = YES;
				ENABLE_TESTABILITY = YES;
				GCC_C_LANGUAGE_STANDARD = gnu11;
				GCC_DYNAMIC_NO_PIC = NO;
				GCC_NO_COMMON_BLOCKS = YES;
				GCC_OPTIMIZATION_LEVEL = 0;
				GCC_PREPROCESSOR_DEFINITIONS = (
					"DEBUG=1",
					"$(inherited)",
				);
				GCC_WARN_64_TO_32_BIT_CONVERSION = YES;
				GCC_WARN_ABOUT_RETURN_TYPE = YES_ERROR;
				GCC_WARN_UNDECLARED_SELECTOR = YES;
				GCC_WARN_UNINITIALIZED_AUTOS = YES_AGGRESSIVE;
				GCC_WARN_UNUSED_FUNCTION = YES;
				GCC_WARN_UNUSED_VARIABLE = YES;
				MACOSX_DEPLOYMENT_TARGET = 13.1;
				MTL_ENABLE_DEBUG_INFO = INCLUDE_SOURCE;
				MTL_FAST_MATH = YES;
				ONLY_ACTIVE_ARCH = YES;
				SDKROOT = macosx;
				SWIFT_ACTIVE_COMPILATION_CONDITIONS = DEBUG;
				SWIFT_OPTIMIZATION_LEVEL = "-Onone";
			};
			name = Debug;
		};
		D777319A29FAF36D00D26C03 /* Release */ = {
			isa = XCBuildConfiguration;
			buildSettings = {
				ALWAYS_SEARCH_USER_PATHS = NO;
				CLANG_ANALYZER_NONNULL = YES;
				CLANG_ANALYZER_NUMBER_OBJECT_CONVERSION = YES_AGGRESSIVE;
				CLANG_CXX_LANGUAGE_STANDARD = "gnu++20";
				CLANG_ENABLE_MODULES = YES;
				CLANG_ENABLE_OBJC_ARC = YES;
				CLANG_ENABLE_OBJC_WEAK = YES;
				CLANG_WARN_BLOCK_CAPTURE_AUTORELEASING = YES;
				CLANG_WARN_BOOL_CONVERSION = YES;
				CLANG_WARN_COMMA = YES;
				CLANG_WARN_CONSTANT_CONVERSION = YES;
				CLANG_WARN_DEPRECATED_OBJC_IMPLEMENTATIONS = YES;
				CLANG_WARN_DIRECT_OBJC_ISA_USAGE = YES_ERROR;
				CLANG_WARN_DOCUMENTATION_COMMENTS = YES;
				CLANG_WARN_EMPTY_BODY = YES;
				CLANG_WARN_ENUM_CONVERSION = YES;
				CLANG_WARN_INFINITE_RECURSION = YES;
				CLANG_WARN_INT_CONVERSION = YES;
				CLANG_WARN_NON_LITERAL_NULL_CONVERSION = YES;
				CLANG_WARN_OBJC_IMPLICIT_RETAIN_SELF = YES;
				CLANG_WARN_OBJC_LITERAL_CONVERSION = YES;
				CLANG_WARN_OBJC_ROOT_CLASS = YES_ERROR;
				CLANG_WARN_QUOTED_INCLUDE_IN_FRAMEWORK_HEADER = YES;
				CLANG_WARN_RANGE_LOOP_ANALYSIS = YES;
				CLANG_WARN_STRICT_PROTOTYPES = YES;
				CLANG_WARN_SUSPICIOUS_MOVE = YES;
				CLANG_WARN_UNGUARDED_AVAILABILITY = YES_AGGRESSIVE;
				CLANG_WARN_UNREACHABLE_CODE = YES;
				CLANG_WARN__DUPLICATE_METHOD_MATCH = YES;
				COPY_PHASE_STRIP = NO;
				DEBUG_INFORMATION_FORMAT = "dwarf-with-dsym";
				ENABLE_NS_ASSERTIONS = NO;
				ENABLE_STRICT_OBJC_MSGSEND = YES;
				GCC_C_LANGUAGE_STANDARD = gnu11;
				GCC_NO_COMMON_BLOCKS = YES;
				GCC_WARN_64_TO_32_BIT_CONVERSION = YES;
				GCC_WARN_ABOUT_RETURN_TYPE = YES_ERROR;
				GCC_WARN_UNDECLARED_SELECTOR = YES;
				GCC_WARN_UNINITIALIZED_AUTOS = YES_AGGRESSIVE;
				GCC_WARN_UNUSED_FUNCTION = YES;
				GCC_WARN_UNUSED_VARIABLE = YES;
				MACOSX_DEPLOYMENT_TARGET = 13.1;
				MTL_ENABLE_DEBUG_INFO = NO;
				MTL_FAST_MATH = YES;
				SDKROOT = macosx;
				SWIFT_COMPILATION_MODE = wholemodule;
				SWIFT_OPTIMIZATION_LEVEL = "-O";
			};
			name = Release;
		};
		D777319C29FAF36D00D26C03 /* Debug */ = {
			isa = XCBuildConfiguration;
			buildSettings = {
				CODE_SIGN_STYLE = Automatic;
				DEVELOPMENT_TEAM = AUP52MS6LU;
				ENABLE_HARDENED_RUNTIME = YES;
				PRODUCT_NAME = "$(TARGET_NAME)";
				SWIFT_VERSION = 5.0;
			};
			name = Debug;
		};
		D777319D29FAF36D00D26C03 /* Release */ = {
			isa = XCBuildConfiguration;
			buildSettings = {
				CODE_SIGN_STYLE = Automatic;
				DEVELOPMENT_TEAM = AUP52MS6LU;
				ENABLE_HARDENED_RUNTIME = YES;
				PRODUCT_NAME = "$(TARGET_NAME)";
				SWIFT_VERSION = 5.0;
			};
			name = Release;
		};
/* End XCBuildConfiguration section */

/* Begin XCConfigurationList section */
		D777318F29FAF36D00D26C03 /* Build configuration list for PBXProject "CFamilyLanguage" */ = {
			isa = XCConfigurationList;
			buildConfigurations = (
				D777319929FAF36D00D26C03 /* Debug */,
				D777319A29FAF36D00D26C03 /* Release */,
			);
			defaultConfigurationIsVisible = 0;
			defaultConfigurationName = Release;
		};
		D777319B29FAF36D00D26C03 /* Build configuration list for PBXNativeTarget "CFamilyLanguage" */ = {
			isa = XCConfigurationList;
			buildConfigurations = (
				D777319C29FAF36D00D26C03 /* Debug */,
				D777319D29FAF36D00D26C03 /* Release */,
			);
			defaultConfigurationIsVisible = 0;
			defaultConfigurationName = Release;
		};
/* End XCConfigurationList section */
	};
	rootObject = D777318C29FAF36D00D26C03 /* Project object */;
}
